
Microsoft Visual Studio Solution File, Format Version 12.00
# Visual Studio Version 17
VisualStudioVersion = 17.14.36518.9 d17.14
MinimumVisualStudioVersion = 10.0.40219.1
Project("{8BC9CEB8-8B4A-11D0-8D11-00A0C91BC942}") = "有向网的邻接矩阵实现", "有向网的邻接矩阵实现.vcxproj", "{6DAE0FEF-52E8-400F-B17B-A4A94FACD9F4}"
EndProject
Global
	GlobalSection(SolutionConfigurationPlatforms) = preSolution
		Debug|x64 = Debug|x64
		Debug|x86 = Debug|x86
		Release|x64 = Release|x64
		Release|x86 = Release|x86
	EndGlobalSection
	GlobalSection(ProjectConfigurationPlatforms) = postSolution
		{6DAE0FEF-52E8-400F-B17B-A4A94FACD9F4}.Debug|x64.ActiveCfg = Debug|x64
		{6DAE0FEF-52E8-400F-B17B-A4A94FACD9F4}.Debug|x64.Build.0 = Debug|x64
		{6DAE0FEF-52E8-400F-B17B-A4A94FACD9F4}.Debug|x86.ActiveCfg = Debug|Win32
		{6DAE0FEF-52E8-400F-B17B-A4A94FACD9F4}.Debug|x86.Build.0 = Debug|Win32
		{6DAE0FEF-52E8-400F-B17B-A4A94FACD9F4}.Release|x64.ActiveCfg = Release|x64
		{6DAE0FEF-52E8-400F-B17B-A4A94FACD9F4}.Release|x64.Build.0 = Release|x64
		{6DAE0FEF-52E8-400F-B17B-A4A94FACD9F4}.Release|x86.ActiveCfg = Release|Win32
		{6DAE0FEF-52E8-400F-B17B-A4A94FACD9F4}.Release|x86.Build.0 = Release|Win32
	EndGlobalSection
	GlobalSection(SolutionProperties) = preSolution
		HideSolutionNode = FALSE
	EndGlobalSection
	GlobalSection(ExtensibilityGlobals) = postSolution
		SolutionGuid = {C96204B1-0F2C-4CB9-8CC9-F90B126534D1}
	EndGlobalSection
EndGlobal
